Microsoft Visual Studio Solution File, Format Version 12.00
# Visual Studio 15
VisualStudioVersion = 15.0.26430.14
MinimumVisualStudioVersion = 10.0.40219.1
Project("{FAE04EC0-301F-11D3-BF4B-00C04F79EFBC}") = "APIMATICCalculator.Standard", "APIMATICCalculator.Standard/APIMATICCalculator.Standard.csproj", "{09d40696-e04a-46e0-86c7-05d7991ad2d1}"
EndProject
Project("{FAE04EC0-301F-11D3-BF4B-00C04F79EFBC}") = "APIMATICCalculator.Tests", "APIMATICCalculator.Tests/APIMATICCalculator.Tests.csproj", "{e913a2ea-77a5-410e-94c0-4c5f2845a957}"
EndProject
Global
    GlobalSection(SolutionConfigurationPlatforms) = preSolution
        Debug|Any CPU = Debug|Any CPU
        Release|Any CPU = Release|Any CPU
    EndGlobalSection
    GlobalSection(ProjectConfigurationPlatforms) = postSolution
        {09d40696-e04a-46e0-86c7-05d7991ad2d1}.Debug|Any CPU.ActiveCfg = Debug|Any CPU
        {09d40696-e04a-46e0-86c7-05d7991ad2d1}.Debug|Any CPU.Build.0 = Debug|Any CPU
        {09d40696-e04a-46e0-86c7-05d7991ad2d1}.Release|Any CPU.ActiveCfg = Release|Any CPU
        {09d40696-e04a-46e0-86c7-05d7991ad2d1}.Release|Any CPU.Build.0 = Release|Any CPU
        {e913a2ea-77a5-410e-94c0-4c5f2845a957}.Debug|Any CPU.ActiveCfg = Debug|Any CPU
        {e913a2ea-77a5-410e-94c0-4c5f2845a957}.Debug|Any CPU.Build.0 = Debug|Any CPU
        {e913a2ea-77a5-410e-94c0-4c5f2845a957}.Release|Any CPU.ActiveCfg = Release|Any CPU
        {e913a2ea-77a5-410e-94c0-4c5f2845a957}.Release|Any CPU.Build.0 = Release|Any CPU
    EndGlobalSection
    GlobalSection(SolutionProperties) = preSolution
        HideSolutionNode = FALSE
    EndGlobalSection
EndGlobal
